
Microsoft Visual Studio Solution File, Format Version 12.00
# Visual Studio Version 17
VisualStudioVersion = 17.0.31903.59
MinimumVisualStudioVersion = 10.0.40219.1
Project("{FAE04EC0-301F-11D3-BF4B-00C04F79EFBC}") = "Measurement.WebApi", "Measurement.WebApi\Measurement.WebApi.csproj", "{65F86A62-6D68-4806-AB86-620BE0FF849C}"
EndProject
Project("{2150E333-8FDC-42A3-9474-1A3956D46DE8}") = "Solution Items", "Solution Items", "{B3E88D12-5345-4B2B-9A81-DC255327B0FF}"
	ProjectSection(SolutionItems) = preProject
		startApi.bat = startApi.bat
		startProc.bat = startProc.bat
	EndProjectSection
EndProject
Project("{FAE04EC0-301F-11D3-BF4B-00C04F79EFBC}") = "Measurement.Processor", "Measurement.Processor\Measurement.Processor.csproj", "{1D1C7F63-2485-4523-8651-4553D30FA9D4}"
EndProject
Global
	GlobalSection(SolutionConfigurationPlatforms) = preSolution
		Debug|Any CPU = Debug|Any CPU
		Release|Any CPU = Release|Any CPU
	EndGlobalSection
	GlobalSection(ProjectConfigurationPlatforms) = postSolution
		{65F86A62-6D68-4806-AB86-620BE0FF849C}.Debug|Any CPU.ActiveCfg = Debug|Any CPU
		{65F86A62-6D68-4806-AB86-620BE0FF849C}.Debug|Any CPU.Build.0 = Debug|Any CPU
		{65F86A62-6D68-4806-AB86-620BE0FF849C}.Release|Any CPU.ActiveCfg = Release|Any CPU
		{65F86A62-6D68-4806-AB86-620BE0FF849C}.Release|Any CPU.Build.0 = Release|Any CPU
		{1D1C7F63-2485-4523-8651-4553D30FA9D4}.Debug|Any CPU.ActiveCfg = Debug|Any CPU
		{1D1C7F63-2485-4523-8651-4553D30FA9D4}.Debug|Any CPU.Build.0 = Debug|Any CPU
		{1D1C7F63-2485-4523-8651-4553D30FA9D4}.Release|Any CPU.ActiveCfg = Release|Any CPU
		{1D1C7F63-2485-4523-8651-4553D30FA9D4}.Release|Any CPU.Build.0 = Release|Any CPU
	EndGlobalSection
	GlobalSection(SolutionProperties) = preSolution
		HideSolutionNode = FALSE
	EndGlobalSection
	GlobalSection(ExtensibilityGlobals) = postSolution
		SolutionGuid = {46054B95-ACE8-4DD1-8E46-6CC07F7F3C30}
	EndGlobalSection
EndGlobal
